
Microsoft Visual Studio Solution File, Format Version 12.00
# Visual Studio 15
Project("{FAE04EC0-301F-11D3-BF4B-00C04F79EFBC}") = "Assembly-CSharp", "Assembly-CSharp.csproj", "{88A2B74E-9890-D6BE-5757-23ED902F0792}"
EndProject
Project("{FAE04EC0-301F-11D3-BF4B-00C04F79EFBC}") = "PhotonUnityNetworking.Demos", "PhotonUnityNetworking.Demos.csproj", "{56772117-CC3A-913C-8256-E89A274A0E18}"
EndProject
Project("{FAE04EC0-301F-11D3-BF4B-00C04F79EFBC}") = "PhotonRealtime", "PhotonRealtime.csproj", "{BB0F80DB-28DF-397F-07C5-22D262894278}"
EndProject
Project("{FAE04EC0-301F-11D3-BF4B-00C04F79EFBC}") = "PhotonUnityNetworking", "PhotonUnityNetworking.csproj", "{BA40ADC5-0DC1-4859-21BB-F77F6A638DB8}"
EndProject
Project("{FAE04EC0-301F-11D3-BF4B-00C04F79EFBC}") = "PhotonUnityNetworking.Utilities", "PhotonUnityNetworking.Utilities.csproj", "{F23171CC-48E2-63A2-84B5-D4E428963395}"
EndProject
Project("{FAE04EC0-301F-11D3-BF4B-00C04F79EFBC}") = "PhotonChat", "PhotonChat.csproj", "{81B468E7-7AAE-4897-BD63-BEAB69AD79FC}"
EndProject
Project("{FAE04EC0-301F-11D3-BF4B-00C04F79EFBC}") = "Assembly-CSharp-firstpass", "Assembly-CSharp-firstpass.csproj", "{9C13504B-EB6A-3FC8-7464-6777B41CD700}"
EndProject
Project("{FAE04EC0-301F-11D3-BF4B-00C04F79EFBC}") = "PhotonUnityNetworking.Editor", "PhotonUnityNetworking.Editor.csproj", "{8C5DFA11-295C-B190-DED9-CD497D8F9F46}"
EndProject
Project("{FAE04EC0-301F-11D3-BF4B-00C04F79EFBC}") = "PhotonUnityNetworking.Utilities.PhotonPlayer.Editor", "PhotonUnityNetworking.Utilities.PhotonPlayer.Editor.csproj", "{4B17632C-AAC9-EE6E-A625-404E5EEF630B}"
EndProject
Project("{FAE04EC0-301F-11D3-BF4B-00C04F79EFBC}") = "PunDemos.DemoSlotcarEditor", "PunDemos.DemoSlotcarEditor.csproj", "{42EDEF65-5C4A-49B4-5A51-41FF9DA3AD2E}"
EndProject
Project("{FAE04EC0-301F-11D3-BF4B-00C04F79EFBC}") = "PhotonUnityNetworking.Utilities.Culling.Editor", "PhotonUnityNetworking.Utilities.Culling.Editor.csproj", "{3BCD1637-B157-5D45-FDCB-2345747BC4E1}"
EndProject
Project("{FAE04EC0-301F-11D3-BF4B-00C04F79EFBC}") = "PunDemos.DemoHubEditor", "PunDemos.DemoHubEditor.csproj", "{A542534C-2A8D-7A16-E5BC-FE48600D5B5F}"
EndProject
Project("{FAE04EC0-301F-11D3-BF4B-00C04F79EFBC}") = "Assembly-CSharp-Editor", "Assembly-CSharp-Editor.csproj", "{C6986917-F06E-E4E1-82B1-E0B12078DA33}"
EndProject
Global
	GlobalSection(SolutionConfigurationPlatforms) = preSolution
		Debug|Any CPU = Debug|Any CPU
		Release|Any CPU = Release|Any CPU
	EndGlobalSection
	GlobalSection(ProjectConfigurationPlatforms) = postSolution
		{88A2B74E-9890-D6BE-5757-23ED902F0792}.Debug|Any CPU.ActiveCfg = Debug|Any CPU
		{88A2B74E-9890-D6BE-5757-23ED902F0792}.Debug|Any CPU.Build.0 = Debug|Any CPU
		{88A2B74E-9890-D6BE-5757-23ED902F0792}.Release|Any CPU.ActiveCfg = Release|Any CPU
		{88A2B74E-9890-D6BE-5757-23ED902F0792}.Release|Any CPU.Build.0 = Release|Any CPU
		{56772117-CC3A-913C-8256-E89A274A0E18}.Debug|Any CPU.ActiveCfg = Debug|Any CPU
		{56772117-CC3A-913C-8256-E89A274A0E18}.Debug|Any CPU.Build.0 = Debug|Any CPU
		{56772117-CC3A-913C-8256-E89A274A0E18}.Release|Any CPU.ActiveCfg = Release|Any CPU
		{56772117-CC3A-913C-8256-E89A274A0E18}.Release|Any CPU.Build.0 = Release|Any CPU
		{BB0F80DB-28DF-397F-07C5-22D262894278}.Debug|Any CPU.ActiveCfg = Debug|Any CPU
		{BB0F80DB-28DF-397F-07C5-22D262894278}.Debug|Any CPU.Build.0 = Debug|Any CPU
		{BB0F80DB-28DF-397F-07C5-22D262894278}.Release|Any CPU.ActiveCfg = Release|Any CPU
		{BB0F80DB-28DF-397F-07C5-22D262894278}.Release|Any CPU.Build.0 = Release|Any CPU
		{BA40ADC5-0DC1-4859-21BB-F77F6A638DB8}.Debug|Any CPU.ActiveCfg = Debug|Any CPU
		{BA40ADC5-0DC1-4859-21BB-F77F6A638DB8}.Debug|Any CPU.Build.0 = Debug|Any CPU
		{BA40ADC5-0DC1-4859-21BB-F77F6A638DB8}.Release|Any CPU.ActiveCfg = Release|Any CPU
		{BA40ADC5-0DC1-4859-21BB-F77F6A638DB8}.Release|Any CPU.Build.0 = Release|Any CPU
		{F23171CC-48E2-63A2-84B5-D4E428963395}.Debug|Any CPU.ActiveCfg = Debug|Any CPU
		{F23171CC-48E2-63A2-84B5-D4E428963395}.Debug|Any CPU.Build.0 = Debug|Any CPU
		{F23171CC-48E2-63A2-84B5-D4E428963395}.Release|Any CPU.ActiveCfg = Release|Any CPU
		{F23171CC-48E2-63A2-84B5-D4E428963395}.Release|Any CPU.Build.0 = Release|Any CPU
		{81B468E7-7AAE-4897-BD63-BEAB69AD79FC}.Debug|Any CPU.ActiveCfg = Debug|Any CPU
		{81B468E7-7AAE-4897-BD63-BEAB69AD79FC}.Debug|Any CPU.Build.0 = Debug|Any CPU
		{81B468E7-7AAE-4897-BD63-BEAB69AD79FC}.Release|Any CPU.ActiveCfg = Release|Any CPU
		{81B468E7-7AAE-4897-BD63-BEAB69AD79FC}.Release|Any CPU.Build.0 = Release|Any CPU
		{9C13504B-EB6A-3FC8-7464-6777B41CD700}.Debug|Any CPU.ActiveCfg = Debug|Any CPU
		{9C13504B-EB6A-3FC8-7464-6777B41CD700}.Debug|Any CPU.Build.0 = Debug|Any CPU
		{9C13504B-EB6A-3FC8-7464-6777B41CD700}.Release|Any CPU.ActiveCfg = Release|Any CPU
		{9C13504B-EB6A-3FC8-7464-6777B41CD700}.Release|Any CPU.Build.0 = Release|Any CPU
		{8C5DFA11-295C-B190-DED9-CD497D8F9F46}.Debug|Any CPU.ActiveCfg = Debug|Any CPU
		{8C5DFA11-295C-B190-DED9-CD497D8F9F46}.Debug|Any CPU.Build.0 = Debug|Any CPU
		{8C5DFA11-295C-B190-DED9-CD497D8F9F46}.Release|Any CPU.ActiveCfg = Release|Any CPU
		{8C5DFA11-295C-B190-DED9-CD497D8F9F46}.Release|Any CPU.Build.0 = Release|Any CPU
		{4B17632C-AAC9-EE6E-A625-404E5EEF630B}.Debug|Any CPU.ActiveCfg = Debug|Any CPU
		{4B17632C-AAC9-EE6E-A625-404E5EEF630B}.Debug|Any CPU.Build.0 = Debug|Any CPU
		{4B17632C-AAC9-EE6E-A625-404E5EEF630B}.Release|Any CPU.ActiveCfg = Release|Any CPU
		{4B17632C-AAC9-EE6E-A625-404E5EEF630B}.Release|Any CPU.Build.0 = Release|Any CPU
		{42EDEF65-5C4A-49B4-5A51-41FF9DA3AD2E}.Debug|Any CPU.ActiveCfg = Debug|Any CPU
		{42EDEF65-5C4A-49B4-5A51-41FF9DA3AD2E}.Debug|Any CPU.Build.0 = Debug|Any CPU
		{42EDEF65-5C4A-49B4-5A51-41FF9DA3AD2E}.Release|Any CPU.ActiveCfg = Release|Any CPU
		{42EDEF65-5C4A-49B4-5A51-41FF9DA3AD2E}.Release|Any CPU.Build.0 = Release|Any CPU
		{3BCD1637-B157-5D45-FDCB-2345747BC4E1}.Debug|Any CPU.ActiveCfg = Debug|Any CPU
		{3BCD1637-B157-5D45-FDCB-2345747BC4E1}.Debug|Any CPU.Build.0 = Debug|Any CPU
		{3BCD1637-B157-5D45-FDCB-2345747BC4E1}.Release|Any CPU.ActiveCfg = Release|Any CPU
		{3BCD1637-B157-5D45-FDCB-2345747BC4E1}.Release|Any CPU.Build.0 = Release|Any CPU
		{A542534C-2A8D-7A16-E5BC-FE48600D5B5F}.Debug|Any CPU.ActiveCfg = Debug|Any CPU
		{A542534C-2A8D-7A16-E5BC-FE48600D5B5F}.Debug|Any CPU.Build.0 = Debug|Any CPU
		{A542534C-2A8D-7A16-E5BC-FE48600D5B5F}.Release|Any CPU.ActiveCfg = Release|Any CPU
		{A542534C-2A8D-7A16-E5BC-FE48600D5B5F}.Release|Any CPU.Build.0 = Release|Any CPU
		{C6986917-F06E-E4E1-82B1-E0B12078DA33}.Debug|Any CPU.ActiveCfg = Debug|Any CPU
		{C6986917-F06E-E4E1-82B1-E0B12078DA33}.Debug|Any CPU.Build.0 = Debug|Any CPU
		{C6986917-F06E-E4E1-82B1-E0B12078DA33}.Release|Any CPU.ActiveCfg = Release|Any CPU
		{C6986917-F06E-E4E1-82B1-E0B12078DA33}.Release|Any CPU.Build.0 = Release|Any CPU
	EndGlobalSection
	GlobalSection(SolutionProperties) = preSolution
		HideSolutionNode = FALSE
	EndGlobalSection
EndGlobal
